// !$*UTF8*$!
{
	archiveVersion = 1;
	classes = {
	};
	objectVersion = 46;
	objects = {

/* Begin PBXBuildFile section */
		6221C64C1B0FDBC300AC45DF /* AppDelegate.swift in Sources */ = {isa = PBXBuildFile; fileRef = 6221C64B1B0FDBC300AC45DF /* AppDelegate.swift */; };
		6221C64E1B0FDBC300AC45DF /* ViewController.swift in Sources */ = {isa = PBXBuildFile; fileRef = 6221C64D1B0FDBC300AC45DF /* ViewController.swift */; };
		6221C6501B0FDBC300AC45DF /* Images.xcassets in Resources */ = {isa = PBXBuildFile; fileRef = 6221C64F1B0FDBC300AC45DF /* Images.xcassets */; };
		6221C6531B0FDBC300AC45DF /* Main.storyboard in Resources */ = {isa = PBXBuildFile; fileRef = 6221C6511B0FDBC300AC45DF /* Main.storyboard */; };
		6221C65F1B0FDBC300AC45DF /* pH_CalculatorTests.swift in Sources */ = {isa = PBXBuildFile; fileRef = 6221C65E1B0FDBC300AC45DF /* pH_CalculatorTests.swift */; };
/* End PBXBuildFile section */

/* Begin PBXContainerItemProxy section */
		6221C6591B0FDBC300AC45DF /* PBXContainerItemProxy */ = {
			isa = PBXContainerItemProxy;
			containerPortal = 6221C63E1B0FDBC300AC45DF /* Project object */;
			proxyType = 1;
			remoteGlobalIDString = 6221C6451B0FDBC300AC45DF;
			remoteInfo = "pH Calculator";
		};
/* End PBXContainerItemProxy section */

/* Begin PBXFileReference section */
		6221C6461B0FDBC300AC45DF /* pH Calculator.app */ = {isa = PBXFileReference; explicitFileType = wrapper.application; includeInIndex = 0; path = "pH Calculator.app"; sourceTree = BUILT_PRODUCTS_DIR; };
		6221C64A1B0FDBC300AC45DF /* Info.plist */ = {isa = PBXFileReference; lastKnownFileType = text.plist.xml; path = Info.plist; sourceTree = "<group>"; };
		6221C64B1B0FDBC300AC45DF /* AppDelegate.swift */ = {isa = PBXFileReference; lastKnownFileType = sourcecode.swift; path = AppDelegate.swift; sourceTree = "<group>"; };
		6221C64D1B0FDBC300AC45DF /* ViewController.swift */ = {isa = PBXFileReference; lastKnownFileType = sourcecode.swift; path = ViewController.swift; sourceTree = "<group>"; };
		6221C64F1B0FDBC300AC45DF /* Images.xcassets */ = {isa = PBXFileReference; lastKnownFileType = folder.assetcatalog; path = Images.xcassets; sourceTree = "<group>"; };
		6221C6521B0FDBC300AC45DF /* Base */ = {isa = PBXFileReference; lastKnownFileType = file.storyboard; name = Base; path = Base.lproj/Main.storyboard; sourceTree = "<group>"; };
		6221C6581B0FDBC300AC45DF /* pH CalculatorTests.xctest */ = {isa = PBXFileReference; explicitFileType = wrapper.cfbundle; includeInIndex = 0; path = "pH CalculatorTests.xctest"; sourceTree = BUILT_PRODUCTS_DIR; };
		6221C65D1B0FDBC300AC45DF /* Info.plist */ = {isa = PBXFileReference; lastKnownFileType = text.plist.xml; path = Info.plist; sourceTree = "<group>"; };
		6221C65E1B0FDBC300AC45DF /* pH_CalculatorTests.swift */ = {isa = PBXFileReference; lastKnownFileType = sourcecode.swift; path = pH_CalculatorTests.swift; sourceTree = "<group>"; };
/* End PBXFileReference section */

/* Begin PBXFrameworksBuildPhase section */
		6221C6431B0FDBC300AC45DF /* Frameworks */ = {
			isa = PBXFrameworksBuildPhase;
			buildActionMask = 2147483647;
			files = (
			);
			runOnlyForDeploymentPostprocessing = 0;
		};
		6221C6551B0FDBC300AC45DF /* Frameworks */ = {
			isa = PBXFrameworksBuildPhase;
			buildActionMask = 2147483647;
			files = (
			);
			runOnlyForDeploymentPostprocessing = 0;
		};
/* End PBXFrameworksBuildPhase section */

/* Begin PBXGroup section */
		6221C63D1B0FDBC300AC45DF = {
			isa = PBXGroup;
			children = (
				6221C6481B0FDBC300AC45DF /* pH Calculator */,
				6221C65B1B0FDBC300AC45DF /* pH CalculatorTests */,
				6221C6471B0FDBC300AC45DF /* Products */,
			);
			sourceTree = "<group>";
		};
		6221C6471B0FDBC300AC45DF /* Products */ = {
			isa = PBXGroup;
			children = (
				6221C6461B0FDBC300AC45DF /* pH Calculator.app */,
				6221C6581B0FDBC300AC45DF /* pH CalculatorTests.xctest */,
			);
			name = Products;
			sourceTree = "<group>";
		};
		6221C6481B0FDBC300AC45DF /* pH Calculator */ = {
			isa = PBXGroup;
			children = (
				6221C64B1B0FDBC300AC45DF /* AppDelegate.swift */,
				6221C64D1B0FDBC300AC45DF /* ViewController.swift */,
				6221C64F1B0FDBC300AC45DF /* Images.xcassets */,
				6221C6511B0FDBC300AC45DF /* Main.storyboard */,
				6221C6491B0FDBC300AC45DF /* Supporting Files */,
			);
			path = "pH Calculator";
			sourceTree = "<group>";
		};
		6221C6491B0FDBC300AC45DF /* Supporting Files */ = {
			isa = PBXGroup;
			children = (
				6221C64A1B0FDBC300AC45DF /* Info.plist */,
			);
			name = "Supporting Files";
			sourceTree = "<group>";
		};
		6221C65B1B0FDBC300AC45DF /* pH CalculatorTests */ = {
			isa = PBXGroup;
			children = (
				6221C65E1B0FDBC300AC45DF /* pH_CalculatorTests.swift */,
				6221C65C1B0FDBC300AC45DF /* Supporting Files */,
			);
			path = "pH CalculatorTests";
			sourceTree = "<group>";
		};
		6221C65C1B0FDBC300AC45DF /* Supporting Files */ = {
			isa = PBXGroup;
			children = (
				6221C65D1B0FDBC300AC45DF /* Info.plist */,
			);
			name = "Supporting Files";
			sourceTree = "<group>";
		};
/* End PBXGroup section */

/* Begin PBXNativeTarget section */
		6221C6451B0FDBC300AC45DF /* pH Calculator */ = {
			isa = PBXNativeTarget;
			buildConfigurationList = 6221C6621B0FDBC300AC45DF /* Build configuration list for PBXNativeTarget "pH Calculator" */;
			buildPhases = (
				6221C6421B0FDBC300AC45DF /* Sources */,
				6221C6431B0FDBC300AC45DF /* Frameworks */,
				6221C6441B0FDBC300AC45DF /* Resources */,
			);
			buildRules = (
			);
			dependencies = (
			);
			name = "pH Calculator";
			productName = "pH Calculator";
			productReference = 6221C6461B0FDBC300AC45DF /* pH Calculator.app */;
			productType = "com.apple.product-type.application";
		};
		6221C6571B0FDBC300AC45DF /* pH CalculatorTests */ = {
			isa = PBXNativeTarget;
			buildConfigurationList = 6221C6651B0FDBC300AC45DF /* Build configuration list for PBXNativeTarget "pH CalculatorTests" */;
			buildPhases = (
				6221C6541B0FDBC300AC45DF /* Sources */,
				6221C6551B0FDBC300AC45DF /* Frameworks */,
				6221C6561B0FDBC300AC45DF /* Resources */,
			);
			buildRules = (
			);
			dependencies = (
				6221C65A1B0FDBC300AC45DF /* PBXTargetDependency */,
			);
			name = "pH CalculatorTests";
			productName = "pH CalculatorTests";
			productReference = 6221C6581B0FDBC300AC45DF /* pH CalculatorTests.xctest */;
			productType = "com.apple.product-type.bundle.unit-test";
		};
/* End PBXNativeTarget section */

/* Begin PBXProject section */
		6221C63E1B0FDBC300AC45DF /* Project object */ = {
			isa = PBXProject;
			attributes = {
				LastUpgradeCheck = 0630;
				ORGANIZATIONNAME = "Tim Snow";
				TargetAttributes = {
					6221C6451B0FDBC300AC45DF = {
						CreatedOnToolsVersion = 6.3.2;
					};
					6221C6571B0FDBC300AC45DF = {
						CreatedOnToolsVersion = 6.3.2;
						TestTargetID = 6221C6451B0FDBC300AC45DF;
					};
				};
			};
			buildConfigurationList = 6221C6411B0FDBC300AC45DF /* Build configuration list for PBXProject "pH Calculator" */;
			compatibilityVersion = "Xcode 3.2";
			developmentRegion = English;
			hasScannedForEncodings = 0;
			knownRegions = (
				en,
				Base,
			);
			mainGroup = 6221C63D1B0FDBC300AC45DF;
			productRefGroup = 6221C6471B0FDBC300AC45DF /* Products */;
			projectDirPath = "";
			projectRoot = "";
			targets = (
				6221C6451B0FDBC300AC45DF /* pH Calculator */,
				6221C6571B0FDBC300AC45DF /* pH CalculatorTests */,
			);
		};
/* End PBXProject section */

/* Begin PBXResourcesBuildPhase section */
		6221C6441B0FDBC300AC45DF /* Resources */ = {
			isa = PBXResourcesBuildPhase;
			buildActionMask = 2147483647;
			files = (
				6221C6501B0FDBC300AC45DF /* Images.xcassets in Resources */,
				6221C6531B0FDBC300AC45DF /* Main.storyboard in Resources */,
			);
			runOnlyForDeploymentPostprocessing = 0;
		};
		6221C6561B0FDBC300AC45DF /* Resources */ = {
			isa = PBXResourcesBuildPhase;
			buildActionMask = 2147483647;
			files = (
			);
			runOnlyForDeploymentPostprocessing = 0;
		};
/* End PBXResourcesBuildPhase section */

/* Begin PBXSourcesBuildPhase section */
		6221C6421B0FDBC300AC45DF /* Sources */ = {
			isa = PBXSourcesBuildPhase;
			buildActionMask = 2147483647;
			files = (
				6221C64E1B0FDBC300AC45DF /* ViewController.swift in Sources */,
				6221C64C1B0FDBC300AC45DF /* AppDelegate.swift in Sources */,
			);
			runOnlyForDeploymentPostprocessing = 0;
		};
		6221C6541B0FDBC300AC45DF /* Sources */ = {
			isa = PBXSourcesBuildPhase;
			buildActionMask = 2147483647;
			files = (
				6221C65F1B0FDBC300AC45DF /* pH_CalculatorTests.swift in Sources */,
			);
			runOnlyForDeploymentPostprocessing = 0;
		};
/* End PBXSourcesBuildPhase section */

/* Begin PBXTargetDependency section */
		6221C65A1B0FDBC300AC45DF /* PBXTargetDependency */ = {
			isa = PBXTargetDependency;
			target = 6221C6451B0FDBC300AC45DF /* pH Calculator */;
			targetProxy = 6221C6591B0FDBC300AC45DF /* PBXContainerItemProxy */;
		};
/* End PBXTargetDependency section */

/* Begin PBXVariantGroup section */
		6221C6511B0FDBC300AC45DF /* Main.storyboard */ = {
			isa = PBXVariantGroup;
			children = (
				6221C6521B0FDBC300AC45DF /* Base */,
			);
			name = Main.storyboard;
			sourceTree = "<group>";
		};
/* End PBXVariantGroup section */

/* Begin XCBuildConfiguration section */
		6221C6601B0FDBC300AC45DF /* Debug */ = {
			isa = XCBuildConfiguration;
			buildSettings = {
				ALWAYS_SEARCH_USER_PATHS = NO;
				CLANG_CXX_LANGUAGE_STANDARD = "gnu++0x";
				CLANG_CXX_LIBRARY = "libc++";
				CLANG_ENABLE_MODULES = YES;
				CLANG_ENABLE_OBJC_ARC = YES;
				CLANG_WARN_BOOL_CONVERSION = YES;
				CLANG_WARN_CONSTANT_CONVERSION = YES;
				CLANG_WARN_DIRECT_OBJC_ISA_USAGE = YES_ERROR;
				CLANG_WARN_EMPTY_BODY = YES;
				CLANG_WARN_ENUM_CONVERSION = YES;
				CLANG_WARN_INT_CONVERSION = YES;
				CLANG_WARN_OBJC_ROOT_CLASS = YES_ERROR;
				CLANG_WARN_UNREACHABLE_CODE = YES;
				CLANG_WARN__DUPLICATE_METHOD_MATCH = YES;
				CODE_SIGN_IDENTITY = "-";
				COPY_PHASE_STRIP = NO;
				DEBUG_INFORMATION_FORMAT = dwarf;
				ENABLE_STRICT_OBJC_MSGSEND = YES;
				GCC_C_LANGUAGE_STANDARD = gnu99;
				GCC_DYNAMIC_NO_PIC = NO;
				GCC_NO_COMMON_BLOCKS = YES;
				GCC_OPTIMIZATION_LEVEL = 0;
				GCC_PREPROCESSOR_DEFINITIONS = (
					"DEBUG=1",
					"$(inherited)",
				);
				GCC_SYMBOLS_PRIVATE_EXTERN = NO;
				GCC_WARN_64_TO_32_BIT_CONVERSION = YES;
				GCC_WARN_ABOUT_RETURN_TYPE = YES_ERROR;
				GCC_WARN_UNDECLARED_SELECTOR = YES;
				GCC_WARN_UNINITIALIZED_AUTOS = YES_AGGRESSIVE;
				GCC_WARN_UNUSED_FUNCTION = YES;
				GCC_WARN_UNUSED_VARIABLE = YES;
				MACOSX_DEPLOYMENT_TARGET = 10.10;
				MTL_ENABLE_DEBUG_INFO = YES;
				ONLY_ACTIVE_ARCH = YES;
				SDKROOT = macosx;
				SWIFT_OPTIMIZATION_LEVEL = "-Onone";
			};
			name = Debug;
		};
		6221C6611B0FDBC300AC45DF /* Release */ = {
			isa = XCBuildConfiguration;
			buildSettings = {
				ALWAYS_SEARCH_USER_PATHS = NO;
				CLANG_CXX_LANGUAGE_STANDARD = "gnu++0x";
				CLANG_CXX_LIBRARY = "libc++";
				CLANG_ENABLE_MODULES = YES;
				CLANG_ENABLE_OBJC_ARC = YES;
				CLANG_WARN_BOOL_CONVERSION = YES;
				CLANG_WARN_CONSTANT_CONVERSION = YES;
				CLANG_WARN_DIRECT_OBJC_ISA_USAGE = YES_ERROR;
				CLANG_WARN_EMPTY_BODY = YES;
				CLANG_WARN_ENUM_CONVERSION = YES;
				CLANG_WARN_INT_CONVERSION = YES;
				CLANG_WARN_OBJC_ROOT_CLASS = YES_ERROR;
				CLANG_WARN_UNREACHABLE_CODE = YES;
				CLANG_WARN__DUPLICATE_METHOD_MATCH = YES;
				CODE_SIGN_IDENTITY = "-";
				COPY_PHASE_STRIP = NO;
				DEBUG_INFORMATION_FORMAT = "dwarf-with-dsym";
				ENABLE_NS_ASSERTIONS = NO;
				ENABLE_STRICT_OBJC_MSGSEND = YES;
				GCC_C_LANGUAGE_STANDARD = gnu99;
				GCC_NO_COMMON_BLOCKS = YES;
				GCC_WARN_64_TO_32_BIT_CONVERSION = YES;
				GCC_WARN_ABOUT_RETURN_TYPE = YES_ERROR;
				GCC_WARN_UNDECLARED_SELECTOR = YES;
				GCC_WARN_UNINITIALIZED_AUTOS = YES_AGGRESSIVE;
				GCC_WARN_UNUSED_FUNCTION = YES;
				GCC_WARN_UNUSED_VARIABLE = YES;
				MACOSX_DEPLOYMENT_TARGET = 10.10;
				MTL_ENABLE_DEBUG_INFO = NO;
				SDKROOT = macosx;
			};
			name = Release;
		};
		6221C6631B0FDBC300AC45DF /* Debug */ = {
			isa = XCBuildConfiguration;
			buildSettings = {
				ASSETCATALOG_COMPILER_APPICON_NAME = AppIcon;
				COMBINE_HIDPI_IMAGES = YES;
				INFOPLIST_FILE = "pH Calculator/Info.plist";
				LD_RUNPATH_SEARCH_PATHS = "$(inherited) @executable_path/../Frameworks";
				PRODUCT_NAME = "$(TARGET_NAME)";
			};
			name = Debug;
		};
		6221C6641B0FDBC300AC45DF /* Release */ = {
			isa = XCBuildConfiguration;
			buildSettings = {
				ASSETCATALOG_COMPILER_APPICON_NAME = AppIcon;
				COMBINE_HIDPI_IMAGES = YES;
				INFOPLIST_FILE = "pH Calculator/Info.plist";
				LD_RUNPATH_SEARCH_PATHS = "$(inherited) @executable_path/../Frameworks";
				PRODUCT_NAME = "$(TARGET_NAME)";
			};
			name = Release;
		};
		6221C6661B0FDBC300AC45DF /* Debug */ = {
			isa = XCBuildConfiguration;
			buildSettings = {
				BUNDLE_LOADER = "$(TEST_HOST)";
				COMBINE_HIDPI_IMAGES = YES;
				FRAMEWORK_SEARCH_PATHS = (
					"$(DEVELOPER_FRAMEWORKS_DIR)",
					"$(inherited)",
				);
				GCC_PREPROCESSOR_DEFINITIONS = (
					"DEBUG=1",
					"$(inherited)",
				);
				INFOPLIST_FILE = "pH CalculatorTests/Info.plist";
				LD_RUNPATH_SEARCH_PATHS = "$(inherited) @executable_path/../Frameworks @loader_path/../Frameworks";
				PRODUCT_NAME = "$(TARGET_NAME)";
				TEST_HOST = "$(BUILT_PRODUCTS_DIR)/pH Calculator.app/Contents/MacOS/pH Calculator";
			};
			name = Debug;
		};
		6221C6671B0FDBC300AC45DF /* Release */ = {
			isa = XCBuildConfiguration;
			buildSettings = {
				BUNDLE_LOADER = "$(TEST_HOST)";
				COMBINE_HIDPI_IMAGES = YES;
				FRAMEWORK_SEARCH_PATHS = (
					"$(DEVELOPER_FRAMEWORKS_DIR)",
					"$(inherited)",
				);
				INFOPLIST_FILE = "pH CalculatorTests/Info.plist";
				LD_RUNPATH_SEARCH_PATHS = "$(inherited) @executable_path/../Frameworks @loader_path/../Frameworks";
				PRODUCT_NAME = "$(TARGET_NAME)";
				TEST_HOST = "$(BUILT_PRODUCTS_DIR)/pH Calculator.app/Contents/MacOS/pH Calculator";
			};
			name = Release;
		};
/* End XCBuildConfiguration section */

/* Begin XCConfigurationList section */
		6221C6411B0FDBC300AC45DF /* Build configuration list for PBXProject "pH Calculator" */ = {
			isa = XCConfigurationList;
			buildConfigurations = (
				6221C6601B0FDBC300AC45DF /* Debug */,
				6221C6611B0FDBC300AC45DF /* Release */,
			);
			defaultConfigurationIsVisible = 0;
			defaultConfigurationName = Release;
		};
		6221C6621B0FDBC300AC45DF /* Build configuration list for PBXNativeTarget "pH Calculator" */ = {
			isa = XCConfigurationList;
			buildConfigurations = (
				6221C6631B0FDBC300AC45DF /* Debug */,
				6221C6641B0FDBC300AC45DF /* Release */,
			);
			defaultConfigurationIsVisible = 0;
		};
		6221C6651B0FDBC300AC45DF /* Build configuration list for PBXNativeTarget "pH CalculatorTests" */ = {
			isa = XCConfigurationList;
			buildConfigurations = (
				6221C6661B0FDBC300AC45DF /* Debug */,
				6221C6671B0FDBC300AC45DF /* Release */,
			);
			defaultConfigurationIsVisible = 0;
		};
/* End XCConfigurationList section */
	};
	rootObject = 6221C63E1B0FDBC300AC45DF /* Project object */;
}
